
Microsoft Visual Studio Solution File, Format Version 12.00
# Visual Studio 2012
Project("{FAE04EC0-301F-11D3-BF4B-00C04F79EFBC}") = "MQCloud.MathModeling", "MQCloud.MathModeling\MQCloud.MathModeling.csproj", "{925615F5-A48A-4A4E-8010-B435E34723FA}"
EndProject
Global
	GlobalSection(SolutionConfigurationPlatforms) = preSolution
		Debug|Any CPU = Debug|Any CPU
		Release|Any CPU = Release|Any CPU
	EndGlobalSection
	GlobalSection(ProjectConfigurationPlatforms) = postSolution
		{925615F5-A48A-4A4E-8010-B435E34723FA}.Debug|Any CPU.ActiveCfg = Debug|Any CPU
		{925615F5-A48A-4A4E-8010-B435E34723FA}.Debug|Any CPU.Build.0 = Debug|Any CPU
		{925615F5-A48A-4A4E-8010-B435E34723FA}.Release|Any CPU.ActiveCfg = Release|Any CPU
		{925615F5-A48A-4A4E-8010-B435E34723FA}.Release|Any CPU.Build.0 = Release|Any CPU
	EndGlobalSection
	GlobalSection(SolutionProperties) = preSolution
		HideSolutionNode = FALSE
	EndGlobalSection
EndGlobal
