<?xml version="1.0" encoding="utf-8"?>
<Project ToolsVersion="4.0" xmlns="http://schemas.microsoft.com/developer/msbuild/2003">
  <ItemGroup>
    <Filter Include="src">
      <UniqueIdentifier>{f2ee0c13-dd66-4f25-9576-73a6c571c26e}</UniqueIdentifier>
    </Filter>
    <Filter Include="include">
      <UniqueIdentifier>{5b3cfb11-f4aa-4af1-b685-b86504f1e280}</UniqueIdentifier>
    </Filter>
    <Filter Include="src\CXX">
      <UniqueIdentifier>{66458a88-d4da-47c4-9b7f-c49337cba6ee}</UniqueIdentifier>
    </Filter>
    <Filter Include="include\MQCloud">
      <UniqueIdentifier>{c02c453e-2a4d-43a3-abf7-8047fc7a6469}</UniqueIdentifier>
    </Filter>
    <Filter Include="include\MQCloud\C">
      <UniqueIdentifier>{12e0b318-eeb2-457b-bb6d-602bfe254683}</UniqueIdentifier>
    </Filter>
    <Filter Include="include\MQCloud\CXX">
      <UniqueIdentifier>{ddfbc24f-1ac9-4bd8-9158-59c624f6ab75}</UniqueIdentifier>
    </Filter>
  </ItemGroup>
  <ItemGroup>
    <ClInclude Include="include\MQCloud\MQCloud.hpp">
      <Filter>include\MQCloud</Filter>
    </ClInclude>
    <ClInclude Include="include\MQCloud\CXX\Message.hpp">
      <Filter>include\MQCloud\CXX</Filter>
    </ClInclude>
    <ClInclude Include="include\MQCloud\CXX\UserMessage.hpp">
      <Filter>include\MQCloud\CXX</Filter>
    </ClInclude>
    <ClInclude Include="include\MQCloud\CXX\NodeManagerProtocol.pb.h">
      <Filter>include\MQCloud\CXX</Filter>
    </ClInclude>
    <ClInclude Include="include\MQCloud\CXX\GenericFunc.hpp">
      <Filter>include\MQCloud\CXX</Filter>
    </ClInclude>
  </ItemGroup>
  <ItemGroup>
    <ClCompile Include="src\CXX\NodeManagerProtocol.pb.cc">
      <Filter>src\CXX</Filter>
    </ClCompile>
  </ItemGroup>
</Project>