<?xml version="1.0" encoding="utf-8"?>
<Project ToolsVersion="4.0" xmlns="http://schemas.microsoft.com/developer/msbuild/2003">
  <ItemGroup>
    <Filter Include="src">
      <UniqueIdentifier>{f2ee0c13-dd66-4f25-9576-73a6c571c26e}</UniqueIdentifier>
    </Filter>
    <Filter Include="include">
      <UniqueIdentifier>{5b3cfb11-f4aa-4af1-b685-b86504f1e280}</UniqueIdentifier>
    </Filter>
    <Filter Include="include\Internal">
      <UniqueIdentifier>{b92aa54b-10ba-4772-be4f-3877e896e5b2}</UniqueIdentifier>
    </Filter>
    <Filter Include="src\Internal">
      <UniqueIdentifier>{e6056faa-5551-4c2d-83d5-17b792d58cc7}</UniqueIdentifier>
    </Filter>
  </ItemGroup>
  <ItemGroup>
    <None Include="packages.config" />
  </ItemGroup>
  <ItemGroup>
    <ClInclude Include="include\MQCloud\API.hpp">
      <Filter>include</Filter>
    </ClInclude>
    <ClInclude Include="include\MQCloud\BackEndConfiguration.hpp">
      <Filter>include</Filter>
    </ClInclude>
    <ClInclude Include="include\MQCloud\BackEndFactory.hpp">
      <Filter>include</Filter>
    </ClInclude>
    <ClInclude Include="include\MQCloud\Delegates.hpp">
      <Filter>include</Filter>
    </ClInclude>
    <ClInclude Include="include\MQCloud\EventsHandler.hpp">
      <Filter>include</Filter>
    </ClInclude>
    <ClInclude Include="include\MQCloud\ExtensiabiletyEventsHandler.hpp">
      <Filter>include</Filter>
    </ClInclude>
    <ClInclude Include="include\MQCloud\FrontEnd.hpp">
      <Filter>include</Filter>
    </ClInclude>
    <ClInclude Include="include\MQCloud\GenericFunc.hpp">
      <Filter>include</Filter>
    </ClInclude>
    <ClInclude Include="include\MQCloud\GenericSignal.hpp">
      <Filter>include</Filter>
    </ClInclude>
    <ClInclude Include="include\MQCloud\Message.hpp">
      <Filter>include</Filter>
    </ClInclude>
    <ClInclude Include="include\MQCloud\MQCloud.hpp">
      <Filter>include</Filter>
    </ClInclude>
    <ClInclude Include="include\MQCloud\Protocol.pb.h">
      <Filter>include</Filter>
    </ClInclude>
    <ClInclude Include="include\MQCloud\PublishingSocket.hpp">
      <Filter>include</Filter>
    </ClInclude>
    <ClInclude Include="include\MQCloud\Socket.hpp">
      <Filter>include</Filter>
    </ClInclude>
    <ClInclude Include="include\MQCloud\SubscriberSocket.hpp">
      <Filter>include</Filter>
    </ClInclude>
    <ClInclude Include="include\MQCloud\TaskId.hpp">
      <Filter>include</Filter>
    </ClInclude>
    <ClInclude Include="include\MQCloud\TaskManagerThread.hpp">
      <Filter>include</Filter>
    </ClInclude>
    <ClInclude Include="include\MQCloud\ThreadManagement.hpp">
      <Filter>include</Filter>
    </ClInclude>
    <ClInclude Include="include\MQCloud\UserMessage.hpp">
      <Filter>include</Filter>
    </ClInclude>
    <ClInclude Include="include\MQCloud\Internal\ConnectionsHandler.hpp">
      <Filter>include\Internal</Filter>
    </ClInclude>
    <ClInclude Include="include\MQCloud\Internal\ExchangeEventsHandler.hpp">
      <Filter>include\Internal</Filter>
    </ClInclude>
    <ClInclude Include="include\MQCloud\Internal\ExchangeEventsManager.hpp">
      <Filter>include\Internal</Filter>
    </ClInclude>
    <ClInclude Include="include\MQCloud\Internal\ExchangeOperationsManager.hpp">
      <Filter>include\Internal</Filter>
    </ClInclude>
    <ClInclude Include="include\MQCloud\Internal\MessagesManager.hpp">
      <Filter>include\Internal</Filter>
    </ClInclude>
    <ClInclude Include="include\MQCloud\Internal\PatternTopicResponseHandler.hpp">
      <Filter>include\Internal</Filter>
    </ClInclude>
    <ClInclude Include="include\MQCloud\Internal\ResponseHandler.hpp">
      <Filter>include\Internal</Filter>
    </ClInclude>
    <ClInclude Include="include\MQCloud\Internal\Signals.hpp">
      <Filter>include\Internal</Filter>
    </ClInclude>
    <ClInclude Include="include\MQCloud\Internal\ThreadManagerTbbImpl.hpp">
      <Filter>include\Internal</Filter>
    </ClInclude>
  </ItemGroup>
  <ItemGroup>
    <ClCompile Include="src\API.cpp">
      <Filter>src</Filter>
    </ClCompile>
    <ClCompile Include="src\Protocol.pb.cc">
      <Filter>src</Filter>
    </ClCompile>
    <ClCompile Include="src\TaskManagerThread.cpp">
      <Filter>src</Filter>
    </ClCompile>
    <ClCompile Include="src\Internal\ConnectionsHandler.cpp">
      <Filter>src\Internal</Filter>
    </ClCompile>
    <ClCompile Include="src\Internal\ExchangeEventsHandler.cpp">
      <Filter>src\Internal</Filter>
    </ClCompile>
    <ClCompile Include="src\Internal\ExchangeEventsManager.cpp">
      <Filter>src\Internal</Filter>
    </ClCompile>
    <ClCompile Include="src\Internal\ResponseHandler.cpp">
      <Filter>src\Internal</Filter>
    </ClCompile>
    <ClCompile Include="src\Internal\ThreadManagerTbbImpl.cpp">
      <Filter>src\Internal</Filter>
    </ClCompile>
  </ItemGroup>
</Project>